
Microsoft Visual Studio Solution File, Format Version 12.00
Project("{FAE04EC0-301F-11D3-BF4B-00C04F79EFBC}") = "Notifications.Host", "Notifications.Host\Notifications.Host.csproj", "{901EA804-734E-43D2-B965-87FB210F2F00}"
EndProject
Global
	GlobalSection(SolutionConfigurationPlatforms) = preSolution
		Debug|Any CPU = Debug|Any CPU
		Release|Any CPU = Release|Any CPU
	EndGlobalSection
	GlobalSection(ProjectConfigurationPlatforms) = postSolution
		{901EA804-734E-43D2-B965-87FB210F2F00}.Debug|Any CPU.ActiveCfg = Debug|Any CPU
		{901EA804-734E-43D2-B965-87FB210F2F00}.Debug|Any CPU.Build.0 = Debug|Any CPU
		{901EA804-734E-43D2-B965-87FB210F2F00}.Release|Any CPU.ActiveCfg = Release|Any CPU
		{901EA804-734E-43D2-B965-87FB210F2F00}.Release|Any CPU.Build.0 = Release|Any CPU
	EndGlobalSection
EndGlobal
